{
  "version": 4,
  "terraform_version": "1.0.2",
  "serial": 9,
  "lineage": "e52edf5a-44dc-e726-2c44-499d0b1ec56a",
  "outputs": {},
  "resources": [
    {
      "mode": "data",
      "type": "google_compute_image",
      "name": "image",
      "provider": "provider[\"registry.terraform.io/hashicorp/google\"]",
      "instances": [
        {
          "schema_version": 0,
          "attributes": {
            "archive_size_bytes": 6570383616,
            "creation_timestamp": "2019-04-11T04:08:03.641-07:00",
            "description": "Canonical, Ubuntu, 16.04 LTS, amd64 xenial image built on 2019-04-11",
            "disk_size_gb": 10,
            "family": "ubuntu-1604-lts",
            "filter": null,
            "id": "projects/ubuntu-os-cloud/global/images/ubuntu-1604-xenial-v20190411",
            "image_encryption_key_sha256": "",
            "image_id": "5960642343844617980",
            "label_fingerprint": "42WmSpB8rSM=",
            "labels": {},
            "licenses": [
              "https://www.googleapis.com/compute/v1/projects/ubuntu-os-cloud/global/licenses/ubuntu-1604-xenial"
            ],
            "name": "ubuntu-1604-xenial-v20190411",
            "project": "ubuntu-os-cloud",
            "self_link": "https://www.googleapis.com/compute/v1/projects/ubuntu-os-cloud/global/images/ubuntu-1604-xenial-v20190411",
            "source_disk": "",
            "source_disk_encryption_key_sha256": "",
            "source_disk_id": "",
            "source_image_id": "",
            "status": "READY"
          },
          "sensitive_attributes": []
        }
      ]
    },
    {
      "mode": "managed",
      "type": "google_compute_instance",
      "name": "default",
      "provider": "provider[\"registry.terraform.io/hashicorp/google\"]",
      "instances": [
        {
          "index_key": "terraform-tutorial-dev",
          "schema_version": 6,
          "attributes": {
            "advanced_machine_features": [],
            "allow_stopping_for_update": true,
            "attached_disk": [],
            "boot_disk": [
              {
                "auto_delete": true,
                "device_name": "persistent-disk-0",
                "disk_encryption_key_raw": "",
                "disk_encryption_key_sha256": "",
                "initialize_params": [
                  {
                    "image": "https://www.googleapis.com/compute/v1/projects/ubuntu-os-cloud/global/images/ubuntu-1604-xenial-v20190411",
                    "labels": {},
                    "size": 10,
                    "type": "pd-standard"
                  }
                ],
                "kms_key_self_link": "",
                "mode": "READ_WRITE",
                "source": "https://www.googleapis.com/compute/v1/projects/angelic-cat-328204/zones/us-central1-c/disks/terraform-tutorial-dev"
              }
            ],
            "can_ip_forward": false,
            "confidential_instance_config": [],
            "cpu_platform": "Intel Haswell",
            "current_status": "RUNNING",
            "deletion_protection": false,
            "description": "",
            "desired_status": null,
            "enable_display": false,
            "guest_accelerator": [],
            "hostname": "",
            "id": "projects/angelic-cat-328204/zones/us-central1-c/instances/terraform-tutorial-dev",
            "instance_id": "6936343560301538286",
            "label_fingerprint": "a6HI36FuYIQ=",
            "labels": {
              "environment": "dev"
            },
            "machine_type": "n1-standard-1",
            "metadata": null,
            "metadata_fingerprint": "VlXWSjK7Gu0=",
            "metadata_startup_script": "",
            "min_cpu_platform": "",
            "name": "terraform-tutorial-dev",
            "network_interface": [
              {
                "access_config": [
                  {
                    "nat_ip": "34.134.228.81",
                    "network_tier": "PREMIUM",
                    "public_ptr_domain_name": ""
                  }
                ],
                "alias_ip_range": [],
                "ipv6_access_config": [],
                "ipv6_access_type": "",
                "name": "nic0",
                "network": "https://www.googleapis.com/compute/v1/projects/angelic-cat-328204/global/networks/default",
                "network_ip": "10.128.0.3",
                "nic_type": "",
                "stack_type": "IPV4_ONLY",
                "subnetwork": "https://www.googleapis.com/compute/v1/projects/angelic-cat-328204/regions/us-central1/subnetworks/default",
                "subnetwork_project": "angelic-cat-328204"
              }
            ],
            "project": "angelic-cat-328204",
            "reservation_affinity": [],
            "resource_policies": null,
            "scheduling": [
              {
                "automatic_restart": true,
                "min_node_cpus": 0,
                "node_affinities": [],
                "on_host_maintenance": "MIGRATE",
                "preemptible": false
              }
            ],
            "scratch_disk": [],
            "self_link": "https://www.googleapis.com/compute/v1/projects/angelic-cat-328204/zones/us-central1-c/instances/terraform-tutorial-dev",
            "service_account": [
              {
                "email": "96353178674-compute@developer.gserviceaccount.com",
                "scopes": [
                  "https://www.googleapis.com/auth/cloud-platform"
                ]
              }
            ],
            "shielded_instance_config": [],
            "tags": [
              "allow-all"
            ],
            "tags_fingerprint": "DYx7eH_2KNQ=",
            "timeouts": null,
            "zone": "us-central1-c"
          },
          "sensitive_attributes": [],
          "private": "eyJlMmJmYjczMC1lY2FhLTExZTYtOGY4OC0zNDM2M2JjN2M0YzAiOnsiY3JlYXRlIjoxMjAwMDAwMDAwMDAwLCJkZWxldGUiOjEyMDAwMDAwMDAwMDAsInVwZGF0ZSI6MTIwMDAwMDAwMDAwMH0sInNjaGVtYV92ZXJzaW9uIjoiNiJ9",
          "dependencies": [
            "data.google_compute_image.image"
          ]
        },
        {
          "index_key": "terraform-tutorial-stag",
          "schema_version": 6,
          "attributes": {
            "advanced_machine_features": [],
            "allow_stopping_for_update": true,
            "attached_disk": [],
            "boot_disk": [
              {
                "auto_delete": true,
                "device_name": "persistent-disk-0",
                "disk_encryption_key_raw": "",
                "disk_encryption_key_sha256": "",
                "initialize_params": [
                  {
                    "image": "https://www.googleapis.com/compute/v1/projects/ubuntu-os-cloud/global/images/ubuntu-1604-xenial-v20190411",
                    "labels": {},
                    "size": 10,
                    "type": "pd-standard"
                  }
                ],
                "kms_key_self_link": "",
                "mode": "READ_WRITE",
                "source": "https://www.googleapis.com/compute/v1/projects/angelic-cat-328204/zones/us-central1-c/disks/terraform-tutorial-stag"
              }
            ],
            "can_ip_forward": false,
            "confidential_instance_config": [],
            "cpu_platform": "Intel Haswell",
            "current_status": "RUNNING",
            "deletion_protection": false,
            "description": "",
            "desired_status": null,
            "enable_display": false,
            "guest_accelerator": [],
            "hostname": "",
            "id": "projects/angelic-cat-328204/zones/us-central1-c/instances/terraform-tutorial-stag",
            "instance_id": "3957444627087715310",
            "label_fingerprint": "a6HI36FuYIQ=",
            "labels": {
              "environment": "dev"
            },
            "machine_type": "n1-standard-1",
            "metadata": null,
            "metadata_fingerprint": "VlXWSjK7Gu0=",
            "metadata_startup_script": "",
            "min_cpu_platform": "",
            "name": "terraform-tutorial-stag",
            "network_interface": [
              {
                "access_config": [
                  {
                    "nat_ip": "104.197.167.36",
                    "network_tier": "PREMIUM",
                    "public_ptr_domain_name": ""
                  }
                ],
                "alias_ip_range": [],
                "ipv6_access_config": [],
                "ipv6_access_type": "",
                "name": "nic0",
                "network": "https://www.googleapis.com/compute/v1/projects/angelic-cat-328204/global/networks/default",
                "network_ip": "10.128.0.2",
                "nic_type": "",
                "stack_type": "IPV4_ONLY",
                "subnetwork": "https://www.googleapis.com/compute/v1/projects/angelic-cat-328204/regions/us-central1/subnetworks/default",
                "subnetwork_project": "angelic-cat-328204"
              }
            ],
            "project": "angelic-cat-328204",
            "reservation_affinity": [],
            "resource_policies": null,
            "scheduling": [
              {
                "automatic_restart": true,
                "min_node_cpus": 0,
                "node_affinities": [],
                "on_host_maintenance": "MIGRATE",
                "preemptible": false
              }
            ],
            "scratch_disk": [],
            "self_link": "https://www.googleapis.com/compute/v1/projects/angelic-cat-328204/zones/us-central1-c/instances/terraform-tutorial-stag",
            "service_account": [
              {
                "email": "96353178674-compute@developer.gserviceaccount.com",
                "scopes": [
                  "https://www.googleapis.com/auth/cloud-platform"
                ]
              }
            ],
            "shielded_instance_config": [],
            "tags": [
              "allow-all"
            ],
            "tags_fingerprint": "DYx7eH_2KNQ=",
            "timeouts": null,
            "zone": "us-central1-c"
          },
          "sensitive_attributes": [],
          "private": "eyJlMmJmYjczMC1lY2FhLTExZTYtOGY4OC0zNDM2M2JjN2M0YzAiOnsiY3JlYXRlIjoxMjAwMDAwMDAwMDAwLCJkZWxldGUiOjEyMDAwMDAwMDAwMDAsInVwZGF0ZSI6MTIwMDAwMDAwMDAwMH0sInNjaGVtYV92ZXJzaW9uIjoiNiJ9",
          "dependencies": [
            "data.google_compute_image.image"
          ]
        }
      ]
    }
  ]
}
